<Solution>
  <Project Path="IPTV.Android/IPTV.Android.csproj">
    <Deploy />
  </Project>
  <Project Path="IPTV.Browser/IPTV.Browser.csproj" />
  <Project Path="IPTV.Desktop/IPTV.Desktop.csproj" />
  <Project Path="IPTV.iOS/IPTV.iOS.csproj">
    <Deploy />
  </Project>
  <Project Path="IPTV/IPTV.csproj" />
</Solution>
